
Microsoft Visual Studio Solution File, Format Version 12.00
# Visual Studio Version 17
VisualStudioVersion = 17.11.35303.130
MinimumVisualStudioVersion = 10.0.40219.1
Project("{2150E333-8FDC-42A3-9474-1A3956D46DE8}") = "Task0", "Task0", "{344439E3-C131-4F4E-88CA-1A203F785FCC}"
EndProject
Project("{FAE04EC0-301F-11D3-BF4B-00C04F79EFBC}") = "Tyuiu.AnishchenkoVA.Sprint4.Task0.V15", "Tyuiu.AnishchenkoVA.Sprint4.Task0.V15\Tyuiu.AnishchenkoVA.Sprint4.Task0.V15.csproj", "{A6C75D27-FB54-400E-A618-07C11EC16B9F}"
EndProject
Project("{FAE04EC0-301F-11D3-BF4B-00C04F79EFBC}") = "Tyuiu.AnishchenkoVA.Sprint4.Task0.V15.Lib", "Tyuiu.AnishchenkoVA.Sprint4.Task0.V15.Lib\Tyuiu.AnishchenkoVA.Sprint4.Task0.V15.Lib.csproj", "{A4EC2EAD-E6E2-4459-83C9-4D41A314E627}"
EndProject
Project("{FAE04EC0-301F-11D3-BF4B-00C04F79EFBC}") = "Tyuiu.AnishchenkoVA.Sprint4.Task0.V15.Test", "Tyuiu.AnishchenkoVA.Sprint4.Task0.V15.Test\Tyuiu.AnishchenkoVA.Sprint4.Task0.V15.Test.csproj", "{1501E8B1-DEC5-47EB-9D6E-993972460D96}"
EndProject
Project("{2150E333-8FDC-42A3-9474-1A3956D46DE8}") = "Task1", "Task1", "{F1C1CC1B-F25E-4AFB-87AB-6F4AD7D2F60F}"
EndProject
Project("{FAE04EC0-301F-11D3-BF4B-00C04F79EFBC}") = "Tyuiu.AnishchenkoVA.Sprint4.Task1.V28", "Tyuiu.AnishchenkoVA.Sprint4.Task1.V28\Tyuiu.AnishchenkoVA.Sprint4.Task1.V28.csproj", "{1766C89C-12B9-4637-889F-E949208523B8}"
EndProject
Project("{FAE04EC0-301F-11D3-BF4B-00C04F79EFBC}") = "Tyuiu.AnishchenkoVA.Sprint4.Task1.V28.Lib", "Tyuiu.AnishchenkoVA.Sprint4.Task1.V28.Lib\Tyuiu.AnishchenkoVA.Sprint4.Task1.V28.Lib.csproj", "{C11FC8EC-718B-4BB2-B339-01914B6CC065}"
EndProject
Project("{FAE04EC0-301F-11D3-BF4B-00C04F79EFBC}") = "Tyuiu.AnishchenkoVA.Sprint4.Task1.V28.Test", "Tyuiu.AnishchenkoVA.Sprint4.Task1.V28.Test\Tyuiu.AnishchenkoVA.Sprint4.Task1.V28.Test.csproj", "{57C28A3C-BD6A-488A-8D7F-378A6D02281C}"
EndProject
Project("{2150E333-8FDC-42A3-9474-1A3956D46DE8}") = "Task2", "Task2", "{C41FA58E-A7A7-415E-A896-76BE03D2017E}"
EndProject
Project("{FAE04EC0-301F-11D3-BF4B-00C04F79EFBC}") = "Tyuiu.AnishchenkoVA.Sprint4.Task2.V10", "Tyuiu.AnishchenkoVA.Sprint4.Task2.V10\Tyuiu.AnishchenkoVA.Sprint4.Task2.V10.csproj", "{DACD78A0-CE95-4C97-BDE2-0CFB6B19DB0C}"
EndProject
Project("{FAE04EC0-301F-11D3-BF4B-00C04F79EFBC}") = "Tyuiu.AnishchenkoVA.Sprint4.Task2.V10.Lib", "Tyuiu.AnishchenkoVA.Sprint4.Task2.V10.Lib\Tyuiu.AnishchenkoVA.Sprint4.Task2.V10.Lib.csproj", "{1D1927B2-654A-44ED-BA45-5CB3F2C60B4F}"
EndProject
Project("{FAE04EC0-301F-11D3-BF4B-00C04F79EFBC}") = "Tyuiu.AnishchenkoVA.Sprint4.Task2.V10.Test", "Tyuiu.AnishchenkoVA.Sprint4.Task2.V10.Test\Tyuiu.AnishchenkoVA.Sprint4.Task2.V10.Test.csproj", "{2B4FD6BF-15A1-4F67-ACFD-D9CB2812A149}"
EndProject
Project("{2150E333-8FDC-42A3-9474-1A3956D46DE8}") = "Task3", "Task3", "{4EFC6EB5-9A7E-4ED4-818B-9313B44F72B7}"
EndProject
Project("{FAE04EC0-301F-11D3-BF4B-00C04F79EFBC}") = "Tyuiu.AnishchenkoVA.Sprint4.Task3.V11", "Tyuiu.AnishchenkoVA.Sprint4.Task3.V11\Tyuiu.AnishchenkoVA.Sprint4.Task3.V11.csproj", "{C2D317AE-F1A4-4E04-86F0-0DEBC0C604A1}"
EndProject
Project("{FAE04EC0-301F-11D3-BF4B-00C04F79EFBC}") = "Tyuiu.AnishchenkoVA.Sprint4.Task3.V11.Lib", "Tyuiu.AnishchenkoVA.Sprint4.Task3.V11.Lib\Tyuiu.AnishchenkoVA.Sprint4.Task3.V11.Lib.csproj", "{6992743A-6D99-421F-98EC-7464AD888D47}"
EndProject
Project("{FAE04EC0-301F-11D3-BF4B-00C04F79EFBC}") = "Tyuiu.AnishchenkoVA.Sprint4.Task3.V11.Test", "Tyuiu.AnishchenkoVA.Sprint4.Task3.V11.Test\Tyuiu.AnishchenkoVA.Sprint4.Task3.V11.Test.csproj", "{043BF6D0-FB7B-4513-BDE5-1E2E31FF749C}"
EndProject
Project("{2150E333-8FDC-42A3-9474-1A3956D46DE8}") = "Task4", "Task4", "{7E0A16D2-028C-4521-9467-FBAE83D906A1}"
EndProject
Project("{FAE04EC0-301F-11D3-BF4B-00C04F79EFBC}") = "Tyuiu.AnishchenkoVA.Sprint4.Task4.V19", "Tyuiu.AnishchenkoVA.Sprint4.Task4.V19\Tyuiu.AnishchenkoVA.Sprint4.Task4.V19.csproj", "{EAA34578-E6AB-4EF8-BEB9-31058D53111D}"
EndProject
Project("{FAE04EC0-301F-11D3-BF4B-00C04F79EFBC}") = "Tyuiu.AnishchenkoVA.Sprint4.Task4.V19.Lib", "Tyuiu.AnishchenkoVA.Sprint4.Task4.V19.Lib\Tyuiu.AnishchenkoVA.Sprint4.Task4.V19.Lib.csproj", "{25079A69-6268-4598-B325-6BA2F8933188}"
EndProject
Project("{FAE04EC0-301F-11D3-BF4B-00C04F79EFBC}") = "Tyuiu.AnishchenkoVA.Sprint4.Task4.V19.Test", "Tyuiu.AnishchenkoVA.Sprint4.Task4.V19.Test\Tyuiu.AnishchenkoVA.Sprint4.Task4.V19.Test.csproj", "{8598FB73-0B3A-4EA7-BD82-E89387D5A04A}"
EndProject
Project("{2150E333-8FDC-42A3-9474-1A3956D46DE8}") = "Task5", "Task5", "{5E2F639A-5ED2-4FF2-819B-1D92B323EF44}"
EndProject
Project("{FAE04EC0-301F-11D3-BF4B-00C04F79EFBC}") = "Tyuiu.AnishchenkoVA.Sprint4.Task5.V15", "Tyuiu.AnishchenkoVA.Sprint4.Task5.V15\Tyuiu.AnishchenkoVA.Sprint4.Task5.V15.csproj", "{71D661EC-DF0A-4681-B302-71D6BF41F346}"
EndProject
Project("{FAE04EC0-301F-11D3-BF4B-00C04F79EFBC}") = "Tyuiu.AnishchenkoVA.Sprint4.Task5.V15.Lib", "Tyuiu.AnishchenkoVA.Sprint4.Task5.V15.Lib\Tyuiu.AnishchenkoVA.Sprint4.Task5.V15.Lib.csproj", "{8D1C36EC-4262-4752-B111-66DEECCE7D48}"
EndProject
Project("{FAE04EC0-301F-11D3-BF4B-00C04F79EFBC}") = "Tyuiu.AnishchenkoVA.Sprint4.Task5.V15.Test", "Tyuiu.AnishchenkoVA.Sprint4.Task5.V15.Test\Tyuiu.AnishchenkoVA.Sprint4.Task5.V15.Test.csproj", "{308B7B54-C472-4E2F-BE5D-C6355032D686}"
EndProject
Project("{2150E333-8FDC-42A3-9474-1A3956D46DE8}") = "Task6", "Task6", "{E39521D8-1A50-446E-8ECF-2D0140D7D772}"
EndProject
Project("{FAE04EC0-301F-11D3-BF4B-00C04F79EFBC}") = "Tyuiu.AnishchenkoVA.Sprint4.Task6.V3", "Tyuiu.AnishchenkoVA.Sprint4.Task6.V3\Tyuiu.AnishchenkoVA.Sprint4.Task6.V3.csproj", "{5BBE823F-5023-4A12-B01E-CE99F7BEEB39}"
EndProject
Project("{FAE04EC0-301F-11D3-BF4B-00C04F79EFBC}") = "Tyuiu.AnishchenkoVA.Sprint4.Task6.V3.Lib", "Tyuiu.AnishchenkoVA.Sprint4.Task6.V3.Lib\Tyuiu.AnishchenkoVA.Sprint4.Task6.V3.Lib.csproj", "{D7AE676C-60DD-46AA-B13E-973B8257FDA4}"
EndProject
Project("{FAE04EC0-301F-11D3-BF4B-00C04F79EFBC}") = "Tyuiu.AnishchenkoVA.Sprint4.Task6.V3.Test", "Tyuiu.AnishchenkoVA.Sprint4.Task6.V3.Test\Tyuiu.AnishchenkoVA.Sprint4.Task6.V3.Test.csproj", "{05AF1D37-5841-436B-8481-999B35865D15}"
EndProject
Project("{2150E333-8FDC-42A3-9474-1A3956D46DE8}") = "Task7", "Task7", "{211EB081-72AB-4947-8D48-3CC1B71456E6}"
EndProject
Project("{FAE04EC0-301F-11D3-BF4B-00C04F79EFBC}") = "Tyuiu.AnishchenkoVA.Sprint4.Task7.V23", "Tyuiu.AnishchenkoVA.Sprint4.Task7.V23\Tyuiu.AnishchenkoVA.Sprint4.Task7.V23.csproj", "{58A15F01-199C-4643-8128-A0F13E0990D8}"
EndProject
Project("{FAE04EC0-301F-11D3-BF4B-00C04F79EFBC}") = "Tyuiu.AnishchenkoVA.Sprint4.Task7.V23.Lib", "Tyuiu.AnishchenkoVA.Sprint4.Task7.V23.Lib\Tyuiu.AnishchenkoVA.Sprint4.Task7.V23.Lib.csproj", "{BD5637F7-FAC8-421D-A398-29AFA0B8AB5B}"
EndProject
Project("{FAE04EC0-301F-11D3-BF4B-00C04F79EFBC}") = "Tyuiu.AnishchenkoVA.Sprint4.Task7.V23.Test", "Tyuiu.AnishchenkoVA.Sprint4.Task7.V23.Test\Tyuiu.AnishchenkoVA.Sprint4.Task7.V23.Test.csproj", "{67106355-FDC5-4AAD-A517-FB8ECD843384}"
EndProject
Global
	GlobalSection(SolutionConfigurationPlatforms) = preSolution
		Debug|Any CPU = Debug|Any CPU
		Release|Any CPU = Release|Any CPU
	EndGlobalSection
	GlobalSection(ProjectConfigurationPlatforms) = postSolution
		{A6C75D27-FB54-400E-A618-07C11EC16B9F}.Debug|Any CPU.ActiveCfg = Debug|Any CPU
		{A6C75D27-FB54-400E-A618-07C11EC16B9F}.Debug|Any CPU.Build.0 = Debug|Any CPU
		{A6C75D27-FB54-400E-A618-07C11EC16B9F}.Release|Any CPU.ActiveCfg = Release|Any CPU
		{A6C75D27-FB54-400E-A618-07C11EC16B9F}.Release|Any CPU.Build.0 = Release|Any CPU
		{A4EC2EAD-E6E2-4459-83C9-4D41A314E627}.Debug|Any CPU.ActiveCfg = Debug|Any CPU
		{A4EC2EAD-E6E2-4459-83C9-4D41A314E627}.Debug|Any CPU.Build.0 = Debug|Any CPU
		{A4EC2EAD-E6E2-4459-83C9-4D41A314E627}.Release|Any CPU.ActiveCfg = Release|Any CPU
		{A4EC2EAD-E6E2-4459-83C9-4D41A314E627}.Release|Any CPU.Build.0 = Release|Any CPU
		{1501E8B1-DEC5-47EB-9D6E-993972460D96}.Debug|Any CPU.ActiveCfg = Debug|Any CPU
		{1501E8B1-DEC5-47EB-9D6E-993972460D96}.Debug|Any CPU.Build.0 = Debug|Any CPU
		{1501E8B1-DEC5-47EB-9D6E-993972460D96}.Release|Any CPU.ActiveCfg = Release|Any CPU
		{1501E8B1-DEC5-47EB-9D6E-993972460D96}.Release|Any CPU.Build.0 = Release|Any CPU
		{1766C89C-12B9-4637-889F-E949208523B8}.Debug|Any CPU.ActiveCfg = Debug|Any CPU
		{1766C89C-12B9-4637-889F-E949208523B8}.Debug|Any CPU.Build.0 = Debug|Any CPU
		{1766C89C-12B9-4637-889F-E949208523B8}.Release|Any CPU.ActiveCfg = Release|Any CPU
		{1766C89C-12B9-4637-889F-E949208523B8}.Release|Any CPU.Build.0 = Release|Any CPU
		{C11FC8EC-718B-4BB2-B339-01914B6CC065}.Debug|Any CPU.ActiveCfg = Debug|Any CPU
		{C11FC8EC-718B-4BB2-B339-01914B6CC065}.Debug|Any CPU.Build.0 = Debug|Any CPU
		{C11FC8EC-718B-4BB2-B339-01914B6CC065}.Release|Any CPU.ActiveCfg = Release|Any CPU
		{C11FC8EC-718B-4BB2-B339-01914B6CC065}.Release|Any CPU.Build.0 = Release|Any CPU
		{57C28A3C-BD6A-488A-8D7F-378A6D02281C}.Debug|Any CPU.ActiveCfg = Debug|Any CPU
		{57C28A3C-BD6A-488A-8D7F-378A6D02281C}.Debug|Any CPU.Build.0 = Debug|Any CPU
		{57C28A3C-BD6A-488A-8D7F-378A6D02281C}.Release|Any CPU.ActiveCfg = Release|Any CPU
		{57C28A3C-BD6A-488A-8D7F-378A6D02281C}.Release|Any CPU.Build.0 = Release|Any CPU
		{DACD78A0-CE95-4C97-BDE2-0CFB6B19DB0C}.Debug|Any CPU.ActiveCfg = Debug|Any CPU
		{DACD78A0-CE95-4C97-BDE2-0CFB6B19DB0C}.Debug|Any CPU.Build.0 = Debug|Any CPU
		{DACD78A0-CE95-4C97-BDE2-0CFB6B19DB0C}.Release|Any CPU.ActiveCfg = Release|Any CPU
		{DACD78A0-CE95-4C97-BDE2-0CFB6B19DB0C}.Release|Any CPU.Build.0 = Release|Any CPU
		{1D1927B2-654A-44ED-BA45-5CB3F2C60B4F}.Debug|Any CPU.ActiveCfg = Debug|Any CPU
		{1D1927B2-654A-44ED-BA45-5CB3F2C60B4F}.Debug|Any CPU.Build.0 = Debug|Any CPU
		{1D1927B2-654A-44ED-BA45-5CB3F2C60B4F}.Release|Any CPU.ActiveCfg = Release|Any CPU
		{1D1927B2-654A-44ED-BA45-5CB3F2C60B4F}.Release|Any CPU.Build.0 = Release|Any CPU
		{2B4FD6BF-15A1-4F67-ACFD-D9CB2812A149}.Debug|Any CPU.ActiveCfg = Debug|Any CPU
		{2B4FD6BF-15A1-4F67-ACFD-D9CB2812A149}.Debug|Any CPU.Build.0 = Debug|Any CPU
		{2B4FD6BF-15A1-4F67-ACFD-D9CB2812A149}.Release|Any CPU.ActiveCfg = Release|Any CPU
		{2B4FD6BF-15A1-4F67-ACFD-D9CB2812A149}.Release|Any CPU.Build.0 = Release|Any CPU
		{C2D317AE-F1A4-4E04-86F0-0DEBC0C604A1}.Debug|Any CPU.ActiveCfg = Debug|Any CPU
		{C2D317AE-F1A4-4E04-86F0-0DEBC0C604A1}.Debug|Any CPU.Build.0 = Debug|Any CPU
		{C2D317AE-F1A4-4E04-86F0-0DEBC0C604A1}.Release|Any CPU.ActiveCfg = Release|Any CPU
		{C2D317AE-F1A4-4E04-86F0-0DEBC0C604A1}.Release|Any CPU.Build.0 = Release|Any CPU
		{6992743A-6D99-421F-98EC-7464AD888D47}.Debug|Any CPU.ActiveCfg = Debug|Any CPU
		{6992743A-6D99-421F-98EC-7464AD888D47}.Debug|Any CPU.Build.0 = Debug|Any CPU
		{6992743A-6D99-421F-98EC-7464AD888D47}.Release|Any CPU.ActiveCfg = Release|Any CPU
		{6992743A-6D99-421F-98EC-7464AD888D47}.Release|Any CPU.Build.0 = Release|Any CPU
		{043BF6D0-FB7B-4513-BDE5-1E2E31FF749C}.Debug|Any CPU.ActiveCfg = Debug|Any CPU
		{043BF6D0-FB7B-4513-BDE5-1E2E31FF749C}.Debug|Any CPU.Build.0 = Debug|Any CPU
		{043BF6D0-FB7B-4513-BDE5-1E2E31FF749C}.Release|Any CPU.ActiveCfg = Release|Any CPU
		{043BF6D0-FB7B-4513-BDE5-1E2E31FF749C}.Release|Any CPU.Build.0 = Release|Any CPU
		{EAA34578-E6AB-4EF8-BEB9-31058D53111D}.Debug|Any CPU.ActiveCfg = Debug|Any CPU
		{EAA34578-E6AB-4EF8-BEB9-31058D53111D}.Debug|Any CPU.Build.0 = Debug|Any CPU
		{EAA34578-E6AB-4EF8-BEB9-31058D53111D}.Release|Any CPU.ActiveCfg = Release|Any CPU
		{EAA34578-E6AB-4EF8-BEB9-31058D53111D}.Release|Any CPU.Build.0 = Release|Any CPU
		{25079A69-6268-4598-B325-6BA2F8933188}.Debug|Any CPU.ActiveCfg = Debug|Any CPU
		{25079A69-6268-4598-B325-6BA2F8933188}.Debug|Any CPU.Build.0 = Debug|Any CPU
		{25079A69-6268-4598-B325-6BA2F8933188}.Release|Any CPU.ActiveCfg = Release|Any CPU
		{25079A69-6268-4598-B325-6BA2F8933188}.Release|Any CPU.Build.0 = Release|Any CPU
		{8598FB73-0B3A-4EA7-BD82-E89387D5A04A}.Debug|Any CPU.ActiveCfg = Debug|Any CPU
		{8598FB73-0B3A-4EA7-BD82-E89387D5A04A}.Debug|Any CPU.Build.0 = Debug|Any CPU
		{8598FB73-0B3A-4EA7-BD82-E89387D5A04A}.Release|Any CPU.ActiveCfg = Release|Any CPU
		{8598FB73-0B3A-4EA7-BD82-E89387D5A04A}.Release|Any CPU.Build.0 = Release|Any CPU
		{71D661EC-DF0A-4681-B302-71D6BF41F346}.Debug|Any CPU.ActiveCfg = Debug|Any CPU
		{71D661EC-DF0A-4681-B302-71D6BF41F346}.Debug|Any CPU.Build.0 = Debug|Any CPU
		{71D661EC-DF0A-4681-B302-71D6BF41F346}.Release|Any CPU.ActiveCfg = Release|Any CPU
		{71D661EC-DF0A-4681-B302-71D6BF41F346}.Release|Any CPU.Build.0 = Release|Any CPU
		{8D1C36EC-4262-4752-B111-66DEECCE7D48}.Debug|Any CPU.ActiveCfg = Debug|Any CPU
		{8D1C36EC-4262-4752-B111-66DEECCE7D48}.Debug|Any CPU.Build.0 = Debug|Any CPU
		{8D1C36EC-4262-4752-B111-66DEECCE7D48}.Release|Any CPU.ActiveCfg = Release|Any CPU
		{8D1C36EC-4262-4752-B111-66DEECCE7D48}.Release|Any CPU.Build.0 = Release|Any CPU
		{308B7B54-C472-4E2F-BE5D-C6355032D686}.Debug|Any CPU.ActiveCfg = Debug|Any CPU
		{308B7B54-C472-4E2F-BE5D-C6355032D686}.Debug|Any CPU.Build.0 = Debug|Any CPU
		{308B7B54-C472-4E2F-BE5D-C6355032D686}.Release|Any CPU.ActiveCfg = Release|Any CPU
		{308B7B54-C472-4E2F-BE5D-C6355032D686}.Release|Any CPU.Build.0 = Release|Any CPU
		{5BBE823F-5023-4A12-B01E-CE99F7BEEB39}.Debug|Any CPU.ActiveCfg = Debug|Any CPU
		{5BBE823F-5023-4A12-B01E-CE99F7BEEB39}.Debug|Any CPU.Build.0 = Debug|Any CPU
		{5BBE823F-5023-4A12-B01E-CE99F7BEEB39}.Release|Any CPU.ActiveCfg = Release|Any CPU
		{5BBE823F-5023-4A12-B01E-CE99F7BEEB39}.Release|Any CPU.Build.0 = Release|Any CPU
		{D7AE676C-60DD-46AA-B13E-973B8257FDA4}.Debug|Any CPU.ActiveCfg = Debug|Any CPU
		{D7AE676C-60DD-46AA-B13E-973B8257FDA4}.Debug|Any CPU.Build.0 = Debug|Any CPU
		{D7AE676C-60DD-46AA-B13E-973B8257FDA4}.Release|Any CPU.ActiveCfg = Release|Any CPU
		{D7AE676C-60DD-46AA-B13E-973B8257FDA4}.Release|Any CPU.Build.0 = Release|Any CPU
		{05AF1D37-5841-436B-8481-999B35865D15}.Debug|Any CPU.ActiveCfg = Debug|Any CPU
		{05AF1D37-5841-436B-8481-999B35865D15}.Debug|Any CPU.Build.0 = Debug|Any CPU
		{05AF1D37-5841-436B-8481-999B35865D15}.Release|Any CPU.ActiveCfg = Release|Any CPU
		{05AF1D37-5841-436B-8481-999B35865D15}.Release|Any CPU.Build.0 = Release|Any CPU
		{58A15F01-199C-4643-8128-A0F13E0990D8}.Debug|Any CPU.ActiveCfg = Debug|Any CPU
		{58A15F01-199C-4643-8128-A0F13E0990D8}.Debug|Any CPU.Build.0 = Debug|Any CPU
		{58A15F01-199C-4643-8128-A0F13E0990D8}.Release|Any CPU.ActiveCfg = Release|Any CPU
		{58A15F01-199C-4643-8128-A0F13E0990D8}.Release|Any CPU.Build.0 = Release|Any CPU
		{BD5637F7-FAC8-421D-A398-29AFA0B8AB5B}.Debug|Any CPU.ActiveCfg = Debug|Any CPU
		{BD5637F7-FAC8-421D-A398-29AFA0B8AB5B}.Debug|Any CPU.Build.0 = Debug|Any CPU
		{BD5637F7-FAC8-421D-A398-29AFA0B8AB5B}.Release|Any CPU.ActiveCfg = Release|Any CPU
		{BD5637F7-FAC8-421D-A398-29AFA0B8AB5B}.Release|Any CPU.Build.0 = Release|Any CPU
		{67106355-FDC5-4AAD-A517-FB8ECD843384}.Debug|Any CPU.ActiveCfg = Debug|Any CPU
		{67106355-FDC5-4AAD-A517-FB8ECD843384}.Debug|Any CPU.Build.0 = Debug|Any CPU
		{67106355-FDC5-4AAD-A517-FB8ECD843384}.Release|Any CPU.ActiveCfg = Release|Any CPU
		{67106355-FDC5-4AAD-A517-FB8ECD843384}.Release|Any CPU.Build.0 = Release|Any CPU
	EndGlobalSection
	GlobalSection(SolutionProperties) = preSolution
		HideSolutionNode = FALSE
	EndGlobalSection
	GlobalSection(NestedProjects) = preSolution
		{A6C75D27-FB54-400E-A618-07C11EC16B9F} = {344439E3-C131-4F4E-88CA-1A203F785FCC}
		{A4EC2EAD-E6E2-4459-83C9-4D41A314E627} = {344439E3-C131-4F4E-88CA-1A203F785FCC}
		{1501E8B1-DEC5-47EB-9D6E-993972460D96} = {344439E3-C131-4F4E-88CA-1A203F785FCC}
		{1766C89C-12B9-4637-889F-E949208523B8} = {F1C1CC1B-F25E-4AFB-87AB-6F4AD7D2F60F}
		{C11FC8EC-718B-4BB2-B339-01914B6CC065} = {F1C1CC1B-F25E-4AFB-87AB-6F4AD7D2F60F}
		{57C28A3C-BD6A-488A-8D7F-378A6D02281C} = {F1C1CC1B-F25E-4AFB-87AB-6F4AD7D2F60F}
		{DACD78A0-CE95-4C97-BDE2-0CFB6B19DB0C} = {C41FA58E-A7A7-415E-A896-76BE03D2017E}
		{1D1927B2-654A-44ED-BA45-5CB3F2C60B4F} = {C41FA58E-A7A7-415E-A896-76BE03D2017E}
		{2B4FD6BF-15A1-4F67-ACFD-D9CB2812A149} = {C41FA58E-A7A7-415E-A896-76BE03D2017E}
		{C2D317AE-F1A4-4E04-86F0-0DEBC0C604A1} = {4EFC6EB5-9A7E-4ED4-818B-9313B44F72B7}
		{6992743A-6D99-421F-98EC-7464AD888D47} = {4EFC6EB5-9A7E-4ED4-818B-9313B44F72B7}
		{043BF6D0-FB7B-4513-BDE5-1E2E31FF749C} = {4EFC6EB5-9A7E-4ED4-818B-9313B44F72B7}
		{EAA34578-E6AB-4EF8-BEB9-31058D53111D} = {7E0A16D2-028C-4521-9467-FBAE83D906A1}
		{25079A69-6268-4598-B325-6BA2F8933188} = {7E0A16D2-028C-4521-9467-FBAE83D906A1}
		{8598FB73-0B3A-4EA7-BD82-E89387D5A04A} = {7E0A16D2-028C-4521-9467-FBAE83D906A1}
		{71D661EC-DF0A-4681-B302-71D6BF41F346} = {5E2F639A-5ED2-4FF2-819B-1D92B323EF44}
		{8D1C36EC-4262-4752-B111-66DEECCE7D48} = {5E2F639A-5ED2-4FF2-819B-1D92B323EF44}
		{308B7B54-C472-4E2F-BE5D-C6355032D686} = {5E2F639A-5ED2-4FF2-819B-1D92B323EF44}
		{5BBE823F-5023-4A12-B01E-CE99F7BEEB39} = {E39521D8-1A50-446E-8ECF-2D0140D7D772}
		{D7AE676C-60DD-46AA-B13E-973B8257FDA4} = {E39521D8-1A50-446E-8ECF-2D0140D7D772}
		{05AF1D37-5841-436B-8481-999B35865D15} = {E39521D8-1A50-446E-8ECF-2D0140D7D772}
		{58A15F01-199C-4643-8128-A0F13E0990D8} = {211EB081-72AB-4947-8D48-3CC1B71456E6}
		{BD5637F7-FAC8-421D-A398-29AFA0B8AB5B} = {211EB081-72AB-4947-8D48-3CC1B71456E6}
		{67106355-FDC5-4AAD-A517-FB8ECD843384} = {211EB081-72AB-4947-8D48-3CC1B71456E6}
	EndGlobalSection
	GlobalSection(ExtensibilityGlobals) = postSolution
		SolutionGuid = {F4C5D416-7966-44EA-B0FF-4477771BB524}
	EndGlobalSection
EndGlobal
